<?xml version="1.0" encoding="utf-8"?>
<Project ToolsVersion="4.0" xmlns="http://schemas.microsoft.com/developer/msbuild/2003">
  <ItemGroup>
    <Filter Include="源文件">
      <UniqueIdentifier>{4FC737F1-C7A5-4376-A066-2A32D752A2FF}</UniqueIdentifier>
      <Extensions>cpp;c;cc;cxx;def;odl;idl;hpj;bat;asm;asmx</Extensions>
    </Filter>
    <Filter Include="头文件">
      <UniqueIdentifier>{93995380-89BD-4b04-88EB-625FBE52EBFB}</UniqueIdentifier>
      <Extensions>h;hh;hpp;hxx;hm;inl;inc;ipp;xsd</Extensions>
    </Filter>
    <Filter Include="资源文件">
      <UniqueIdentifier>{67DA6AB6-F800-4c08-8B7A-83BB121AAD01}</UniqueIdentifier>
      <Extensions>rc;ico;cur;bmp;dlg;rc2;rct;bin;rgs;gif;jpg;jpeg;jpe;resx;tiff;tif;png;wav;mfcribbon-ms</Extensions>
    </Filter>
    <Filter Include="头文件\algorithm">
      <UniqueIdentifier>{3903fbe2-48d8-4e68-9105-73338a3098fe}</UniqueIdentifier>
    </Filter>
    <Filter Include="源文件\algorithm">
      <UniqueIdentifier>{5f7cd83c-e023-4845-9e08-3b980a599f55}</UniqueIdentifier>
    </Filter>
    <Filter Include="源文件\datatype">
      <UniqueIdentifier>{a4d32eb1-2606-4559-8805-99dc39bfb8f2}</UniqueIdentifier>
    </Filter>
  </ItemGroup>
  <ItemGroup>
    <ClCompile Include="main.cpp">
      <Filter>源文件</Filter>
    </ClCompile>
    <ClCompile Include="io_test.cpp">
      <Filter>源文件</Filter>
    </ClCompile>
    <ClCompile Include="function_test.cpp">
      <Filter>源文件</Filter>
    </ClCompile>
    <ClCompile Include="bubble_sort.cpp">
      <Filter>源文件\algorithm</Filter>
    </ClCompile>
    <ClCompile Include="select_sort.cpp">
      <Filter>源文件\algorithm</Filter>
    </ClCompile>
    <ClCompile Include="bin_find.cpp">
      <Filter>源文件\algorithm</Filter>
    </ClCompile>
    <ClCompile Include="quick_sort.cpp">
      <Filter>源文件\algorithm</Filter>
    </ClCompile>
    <ClCompile Include="insert_sort.cpp">
      <Filter>源文件\algorithm</Filter>
    </ClCompile>
    <ClCompile Include="fuck_a.cpp">
      <Filter>源文件</Filter>
    </ClCompile>
    <ClCompile Include="fuck_b.cpp">
      <Filter>源文件</Filter>
    </ClCompile>
    <ClCompile Include="quick_sort_x.cpp">
      <Filter>源文件\algorithm</Filter>
    </ClCompile>
    <ClCompile Include="VeriableTest.cpp">
      <Filter>源文件\datatype</Filter>
    </ClCompile>
    <ClCompile Include="vector_test.cpp">
      <Filter>源文件\datatype</Filter>
    </ClCompile>
    <ClCompile Include="TypeAliasTest.cpp">
      <Filter>源文件\datatype</Filter>
    </ClCompile>
    <ClCompile Include="IteratorTest.cpp">
      <Filter>源文件\datatype</Filter>
    </ClCompile>
    <ClCompile Include="CStringTest.cpp">
      <Filter>源文件\datatype</Filter>
    </ClCompile>
    <ClCompile Include="ConstReferenceTest.cpp">
      <Filter>源文件\datatype</Filter>
    </ClCompile>
    <ClCompile Include="ConstPointerTest.cpp">
      <Filter>源文件\datatype</Filter>
    </ClCompile>
    <ClCompile Include="ConstExpressionTest.cpp">
      <Filter>源文件\datatype</Filter>
    </ClCompile>
    <ClCompile Include="array_test.cpp">
      <Filter>源文件\datatype</Filter>
    </ClCompile>
    <ClCompile Include="LowLevelConstCopyTest.cpp">
      <Filter>源文件\datatype</Filter>
    </ClCompile>
    <ClCompile Include="LiteralConstTest.cpp">
      <Filter>源文件\datatype</Filter>
    </ClCompile>
    <ClCompile Include="string_test.cpp">
      <Filter>源文件\datatype</Filter>
    </ClCompile>
  </ItemGroup>
  <ItemGroup>
    <ClInclude Include="Sales_data.h">
      <Filter>头文件</Filter>
    </ClInclude>
    <ClInclude Include="fDeclare.h">
      <Filter>头文件</Filter>
    </ClInclude>
    <ClInclude Include="bubble_sort.h">
      <Filter>头文件\algorithm</Filter>
    </ClInclude>
    <ClInclude Include="bin_find.h">
      <Filter>头文件\algorithm</Filter>
    </ClInclude>
    <ClInclude Include="quick_sort.h">
      <Filter>头文件\algorithm</Filter>
    </ClInclude>
    <ClInclude Include="insert_sort.h">
      <Filter>头文件\algorithm</Filter>
    </ClInclude>
    <ClInclude Include="fuck.h">
      <Filter>头文件</Filter>
    </ClInclude>
  </ItemGroup>
</Project>